
Microsoft Visual Studio Solution File, Format Version 12.00
Project("{FAE04EC0-301F-11D3-BF4B-00C04F79EFBC}") = "LM.Backend", "LM.Backend\LM.Backend.csproj", "{AC10B0D4-D708-4CB5-9C74-E10614F3EE6E}"
EndProject
Project("{FAE04EC0-301F-11D3-BF4B-00C04F79EFBC}") = "LM.Frontend.App", "LM.Frontend.App\LM.Frontend.App.csproj", "{67600677-AAFD-49AF-8B49-80DBC457D7EF}"
EndProject
Global
	GlobalSection(SolutionConfigurationPlatforms) = preSolution
		Debug|Any CPU = Debug|Any CPU
		Release|Any CPU = Release|Any CPU
	EndGlobalSection
	GlobalSection(ProjectConfigurationPlatforms) = postSolution
		{AC10B0D4-D708-4CB5-9C74-E10614F3EE6E}.Debug|Any CPU.ActiveCfg = Debug|Any CPU
		{AC10B0D4-D708-4CB5-9C74-E10614F3EE6E}.Debug|Any CPU.Build.0 = Debug|Any CPU
		{AC10B0D4-D708-4CB5-9C74-E10614F3EE6E}.Release|Any CPU.ActiveCfg = Release|Any CPU
		{AC10B0D4-D708-4CB5-9C74-E10614F3EE6E}.Release|Any CPU.Build.0 = Release|Any CPU
		{67600677-AAFD-49AF-8B49-80DBC457D7EF}.Debug|Any CPU.ActiveCfg = Debug|Any CPU
		{67600677-AAFD-49AF-8B49-80DBC457D7EF}.Debug|Any CPU.Build.0 = Debug|Any CPU
		{67600677-AAFD-49AF-8B49-80DBC457D7EF}.Release|Any CPU.ActiveCfg = Release|Any CPU
		{67600677-AAFD-49AF-8B49-80DBC457D7EF}.Release|Any CPU.Build.0 = Release|Any CPU
	EndGlobalSection
EndGlobal
